// !$*UTF8*$!
{
	archiveVersion = 1;
	classes = {
	};
	objectVersion = 50;
	objects = {

/* Begin PBXBuildFile section */
		1F5AA0696D734D095799BC52 /* stb_image.cpp in Sources */ = {isa = PBXBuildFile; fileRef = 1F5AA2FD09D8148701CDCF77 /* stb_image.cpp */; };
		1F5AA5796A4763087D928AC5 /* 00_draw_triangle.cpp in Sources */ = {isa = PBXBuildFile; fileRef = 1F5AA22EA28FE417DABECBF9 /* 00_draw_triangle.cpp */; };
		1F5AAB23ED121028B701E34F /* 04_camera.cpp in Sources */ = {isa = PBXBuildFile; fileRef = 1F5AA4377E2303B9BA64A6BF /* 04_camera.cpp */; };
		1F5AAE56BEC6A972BCB8334A /* 05_camera_class.cpp in Sources */ = {isa = PBXBuildFile; fileRef = 1F5AA895AE4EC6E884252302 /* 05_camera_class.cpp */; };
		1F5AAE7A28570DD037BA42E3 /* Shader.cpp in Sources */ = {isa = PBXBuildFile; fileRef = 1F5AADBD5B585F812359E596 /* Shader.cpp */; };
		D60ACB0B24965A8E00922AE1 /* Camera.cpp in Sources */ = {isa = PBXBuildFile; fileRef = D60ACB0924965A8E00922AE1 /* Camera.cpp */; };
		D6801002248CEF6F00A108E9 /* 01_draw_texture.cpp in Sources */ = {isa = PBXBuildFile; fileRef = D6801001248CEF6F00A108E9 /* 01_draw_texture.cpp */; };
		D6801006248CF0B300A108E9 /* Appaction.cpp in Sources */ = {isa = PBXBuildFile; fileRef = D6801004248CF0B300A108E9 /* Appaction.cpp */; };
		D68011B2248D040200A108E9 /* 02_transformation.cpp in Sources */ = {isa = PBXBuildFile; fileRef = D68011B0248D040200A108E9 /* 02_transformation.cpp */; };
		D68011B7248D48EE00A108E9 /* 03_coordinateSystem.cpp in Sources */ = {isa = PBXBuildFile; fileRef = D68011B5248D48EE00A108E9 /* 03_coordinateSystem.cpp */; };
		D6BB527C248284FB00A2A626 /* main.cpp in Sources */ = {isa = PBXBuildFile; fileRef = D6BB527B248284FB00A2A626 /* main.cpp */; };
		D6BB52842482852C00A2A626 /* CoreVideo.framework in Frameworks */ = {isa = PBXBuildFile; fileRef = D6BB52832482852C00A2A626 /* CoreVideo.framework */; };
		D6BB52862482853400A2A626 /* IOKit.framework in Frameworks */ = {isa = PBXBuildFile; fileRef = D6BB52852482853400A2A626 /* IOKit.framework */; };
		D6BB52882482853C00A2A626 /* Cocoa.framework in Frameworks */ = {isa = PBXBuildFile; fileRef = D6BB52872482853C00A2A626 /* Cocoa.framework */; };
		D6BB528C2482857300A2A626 /* OpenGL.framework in Frameworks */ = {isa = PBXBuildFile; fileRef = D6BB528B2482857300A2A626 /* OpenGL.framework */; settings = {ATTRIBUTES = (Required, ); }; };
		D6BB52912482C31800A2A626 /* libglfw3.a in Frameworks */ = {isa = PBXBuildFile; fileRef = D6BB52902482C31800A2A626 /* libglfw3.a */; };
		D6BB52992482D15D00A2A626 /* glad.c in Sources */ = {isa = PBXBuildFile; fileRef = D6BB52982482D15D00A2A626 /* glad.c */; };
/* End PBXBuildFile section */

/* Begin PBXCopyFilesBuildPhase section */
		D6BB5276248284FB00A2A626 /* CopyFiles */ = {
			isa = PBXCopyFilesBuildPhase;
			buildActionMask = 2147483647;
			dstPath = /usr/share/man/man1/;
			dstSubfolderSpec = 0;
			files = (
			);
			runOnlyForDeploymentPostprocessing = 1;
		};
/* End PBXCopyFilesBuildPhase section */

/* Begin PBXFileReference section */
		1F5AA22EA28FE417DABECBF9 /* 00_draw_triangle.cpp */ = {isa = PBXFileReference; fileEncoding = 4; lastKnownFileType = sourcecode.cpp.cpp; path = 00_draw_triangle.cpp; sourceTree = "<group>"; };
		1F5AA2D08BC476770B4E1FD2 /* stb_image.h */ = {isa = PBXFileReference; fileEncoding = 4; lastKnownFileType = sourcecode.c.h; path = stb_image.h; sourceTree = "<group>"; };
		1F5AA2FD09D8148701CDCF77 /* stb_image.cpp */ = {isa = PBXFileReference; fileEncoding = 4; lastKnownFileType = sourcecode.cpp.cpp; path = stb_image.cpp; sourceTree = "<group>"; };
		1F5AA4377E2303B9BA64A6BF /* 04_camera.cpp */ = {isa = PBXFileReference; fileEncoding = 4; lastKnownFileType = sourcecode.cpp.cpp; path = 04_camera.cpp; sourceTree = "<group>"; };
		1F5AA47F45F9EBCAA197B554 /* 05_camera_class.hpp */ = {isa = PBXFileReference; fileEncoding = 4; lastKnownFileType = sourcecode.cpp.h; path = 05_camera_class.hpp; sourceTree = "<group>"; };
		1F5AA895AE4EC6E884252302 /* 05_camera_class.cpp */ = {isa = PBXFileReference; fileEncoding = 4; lastKnownFileType = sourcecode.cpp.cpp; path = 05_camera_class.cpp; sourceTree = "<group>"; };
		1F5AA94ACF3C4BB4833F3B7F /* 04_camera.hpp */ = {isa = PBXFileReference; fileEncoding = 4; lastKnownFileType = sourcecode.cpp.h; path = 04_camera.hpp; sourceTree = "<group>"; };
		1F5AAAD7278706B820F491C5 /* avater.jpeg */ = {isa = PBXFileReference; lastKnownFileType = image.jpeg; path = avater.jpeg; sourceTree = "<group>"; };
		1F5AAD530E0DCF5656971E78 /* Shader.h */ = {isa = PBXFileReference; fileEncoding = 4; lastKnownFileType = sourcecode.c.h; path = Shader.h; sourceTree = "<group>"; };
		1F5AADBD5B585F812359E596 /* Shader.cpp */ = {isa = PBXFileReference; fileEncoding = 4; lastKnownFileType = sourcecode.cpp.cpp; path = Shader.cpp; sourceTree = "<group>"; };
		D60ACB0924965A8E00922AE1 /* Camera.cpp */ = {isa = PBXFileReference; lastKnownFileType = sourcecode.cpp.cpp; path = Camera.cpp; sourceTree = "<group>"; };
		D60ACB0A24965A8E00922AE1 /* Camera.hpp */ = {isa = PBXFileReference; lastKnownFileType = sourcecode.cpp.h; path = Camera.hpp; sourceTree = "<group>"; };
		D6199BFC2498F6FD006948A7 /* 02_transformation.vert */ = {isa = PBXFileReference; lastKnownFileType = sourcecode.glsl; path = 02_transformation.vert; sourceTree = "<group>"; };
		D6199BFD2498F6FD006948A7 /* fragment.frag */ = {isa = PBXFileReference; lastKnownFileType = sourcecode.glsl; path = fragment.frag; sourceTree = "<group>"; };
		D6199BFE2498F6FD006948A7 /* 01_texture.frag */ = {isa = PBXFileReference; lastKnownFileType = sourcecode.glsl; path = 01_texture.frag; sourceTree = "<group>"; };
		D6199BFF2498F6FD006948A7 /* 00_triangle.vert */ = {isa = PBXFileReference; lastKnownFileType = sourcecode.glsl; path = 00_triangle.vert; sourceTree = "<group>"; };
		D6199C002498F6FD006948A7 /* 03_coordinateSystem.vert */ = {isa = PBXFileReference; lastKnownFileType = sourcecode.glsl; path = 03_coordinateSystem.vert; sourceTree = "<group>"; };
		D6199C012498F6FD006948A7 /* 04_camera.frag */ = {isa = PBXFileReference; lastKnownFileType = sourcecode.glsl; path = 04_camera.frag; sourceTree = "<group>"; };
		D6199C022498F6FD006948A7 /* 01_texture.vert */ = {isa = PBXFileReference; lastKnownFileType = sourcecode.glsl; path = 01_texture.vert; sourceTree = "<group>"; };
		D6199C032498F6FD006948A7 /* 02_transformation.frag */ = {isa = PBXFileReference; lastKnownFileType = sourcecode.glsl; path = 02_transformation.frag; sourceTree = "<group>"; };
		D6199C042498F6FD006948A7 /* 03_coordinateSystem.frag */ = {isa = PBXFileReference; lastKnownFileType = sourcecode.glsl; path = 03_coordinateSystem.frag; sourceTree = "<group>"; };
		D6199C052498F6FD006948A7 /* 04_camera.vert */ = {isa = PBXFileReference; lastKnownFileType = sourcecode.glsl; path = 04_camera.vert; sourceTree = "<group>"; };
		D6199C062498F6FD006948A7 /* vertex.vert */ = {isa = PBXFileReference; lastKnownFileType = sourcecode.glsl; path = vertex.vert; sourceTree = "<group>"; };
		D6199C072498F6FD006948A7 /* 00_triangle.frag */ = {isa = PBXFileReference; lastKnownFileType = sourcecode.glsl; path = 00_triangle.frag; sourceTree = "<group>"; };
		D6800FFF248CEE9700A108E9 /* 00_draw_triangle.h */ = {isa = PBXFileReference; lastKnownFileType = sourcecode.c.h; path = 00_draw_triangle.h; sourceTree = "<group>"; };
		D6801000248CEF0F00A108E9 /* 01_draw_texture.h */ = {isa = PBXFileReference; lastKnownFileType = sourcecode.c.h; path = 01_draw_texture.h; sourceTree = "<group>"; };
		D6801001248CEF6F00A108E9 /* 01_draw_texture.cpp */ = {isa = PBXFileReference; lastKnownFileType = sourcecode.cpp.cpp; path = 01_draw_texture.cpp; sourceTree = "<group>"; };
		D6801004248CF0B300A108E9 /* Appaction.cpp */ = {isa = PBXFileReference; lastKnownFileType = sourcecode.cpp.cpp; path = Appaction.cpp; sourceTree = "<group>"; };
		D6801005248CF0B300A108E9 /* Appaction.hpp */ = {isa = PBXFileReference; lastKnownFileType = sourcecode.cpp.h; path = Appaction.hpp; sourceTree = "<group>"; };
		D68011B0248D040200A108E9 /* 02_transformation.cpp */ = {isa = PBXFileReference; lastKnownFileType = sourcecode.cpp.cpp; path = 02_transformation.cpp; sourceTree = "<group>"; };
		D68011B1248D040200A108E9 /* 02_transformation.hpp */ = {isa = PBXFileReference; lastKnownFileType = sourcecode.cpp.h; path = 02_transformation.hpp; sourceTree = "<group>"; };
		D68011B5248D48EE00A108E9 /* 03_coordinateSystem.cpp */ = {isa = PBXFileReference; lastKnownFileType = sourcecode.cpp.cpp; path = 03_coordinateSystem.cpp; sourceTree = "<group>"; };
		D68011B6248D48EE00A108E9 /* 03_coordinateSystem.hpp */ = {isa = PBXFileReference; lastKnownFileType = sourcecode.cpp.h; path = 03_coordinateSystem.hpp; sourceTree = "<group>"; };
		D6BB5278248284FB00A2A626 /* TestOpenGL */ = {isa = PBXFileReference; explicitFileType = "compiled.mach-o.executable"; includeInIndex = 0; path = TestOpenGL; sourceTree = BUILT_PRODUCTS_DIR; };
		D6BB527B248284FB00A2A626 /* main.cpp */ = {isa = PBXFileReference; lastKnownFileType = sourcecode.cpp.cpp; path = main.cpp; sourceTree = "<group>"; };
		D6BB52832482852C00A2A626 /* CoreVideo.framework */ = {isa = PBXFileReference; lastKnownFileType = wrapper.framework; name = CoreVideo.framework; path = System/Library/Frameworks/CoreVideo.framework; sourceTree = SDKROOT; };
		D6BB52852482853400A2A626 /* IOKit.framework */ = {isa = PBXFileReference; lastKnownFileType = wrapper.framework; name = IOKit.framework; path = System/Library/Frameworks/IOKit.framework; sourceTree = SDKROOT; };
		D6BB52872482853C00A2A626 /* Cocoa.framework */ = {isa = PBXFileReference; lastKnownFileType = wrapper.framework; name = Cocoa.framework; path = System/Library/Frameworks/Cocoa.framework; sourceTree = SDKROOT; };
		D6BB528B2482857300A2A626 /* OpenGL.framework */ = {isa = PBXFileReference; lastKnownFileType = wrapper.framework; name = OpenGL.framework; path = System/Library/Frameworks/OpenGL.framework; sourceTree = SDKROOT; };
		D6BB52902482C31800A2A626 /* libglfw3.a */ = {isa = PBXFileReference; lastKnownFileType = archive.ar; name = libglfw3.a; path = ../../../../../../usr/local/lib/libglfw3.a; sourceTree = "<group>"; };
		D6BB52982482D15D00A2A626 /* glad.c */ = {isa = PBXFileReference; fileEncoding = 4; lastKnownFileType = sourcecode.c.c; path = glad.c; sourceTree = "<group>"; };
/* End PBXFileReference section */

/* Begin PBXFrameworksBuildPhase section */
		D6BB5275248284FB00A2A626 /* Frameworks */ = {
			isa = PBXFrameworksBuildPhase;
			buildActionMask = 2147483647;
			files = (
				D6BB52912482C31800A2A626 /* libglfw3.a in Frameworks */,
				D6BB528C2482857300A2A626 /* OpenGL.framework in Frameworks */,
				D6BB52882482853C00A2A626 /* Cocoa.framework in Frameworks */,
				D6BB52862482853400A2A626 /* IOKit.framework in Frameworks */,
				D6BB52842482852C00A2A626 /* CoreVideo.framework in Frameworks */,
			);
			runOnlyForDeploymentPostprocessing = 0;
		};
/* End PBXFrameworksBuildPhase section */

/* Begin PBXGroup section */
		1F5AA1F2206941B1CCC6F18E /* image */ = {
			isa = PBXGroup;
			children = (
				1F5AAAD7278706B820F491C5 /* avater.jpeg */,
			);
			path = image;
			sourceTree = "<group>";
		};
		1F5AADAF597CD7B544FD6429 /* case */ = {
			isa = PBXGroup;
			children = (
				1F5AA22EA28FE417DABECBF9 /* 00_draw_triangle.cpp */,
				D6800FFF248CEE9700A108E9 /* 00_draw_triangle.h */,
				D6801000248CEF0F00A108E9 /* 01_draw_texture.h */,
				D6801001248CEF6F00A108E9 /* 01_draw_texture.cpp */,
				D68011B0248D040200A108E9 /* 02_transformation.cpp */,
				D68011B1248D040200A108E9 /* 02_transformation.hpp */,
				D68011B5248D48EE00A108E9 /* 03_coordinateSystem.cpp */,
				D68011B6248D48EE00A108E9 /* 03_coordinateSystem.hpp */,
				1F5AA4377E2303B9BA64A6BF /* 04_camera.cpp */,
				1F5AA94ACF3C4BB4833F3B7F /* 04_camera.hpp */,
				1F5AA895AE4EC6E884252302 /* 05_camera_class.cpp */,
				1F5AA47F45F9EBCAA197B554 /* 05_camera_class.hpp */,
			);
			path = case;
			sourceTree = "<group>";
		};
		D6750AF82484078800B58314 /* shader */ = {
			isa = PBXGroup;
			children = (
				D6199C072498F6FD006948A7 /* 00_triangle.frag */,
				D6199BFF2498F6FD006948A7 /* 00_triangle.vert */,
				D6199BFE2498F6FD006948A7 /* 01_texture.frag */,
				D6199C022498F6FD006948A7 /* 01_texture.vert */,
				D6199C032498F6FD006948A7 /* 02_transformation.frag */,
				D6199BFC2498F6FD006948A7 /* 02_transformation.vert */,
				D6199C042498F6FD006948A7 /* 03_coordinateSystem.frag */,
				D6199C002498F6FD006948A7 /* 03_coordinateSystem.vert */,
				D6199C012498F6FD006948A7 /* 04_camera.frag */,
				D6199C052498F6FD006948A7 /* 04_camera.vert */,
				D6199BFD2498F6FD006948A7 /* fragment.frag */,
				D6199C062498F6FD006948A7 /* vertex.vert */,
			);
			path = shader;
			sourceTree = "<group>";
		};
		D6801003248CF08400A108E9 /* src */ = {
			isa = PBXGroup;
			children = (
				D6801004248CF0B300A108E9 /* Appaction.cpp */,
				D6801005248CF0B300A108E9 /* Appaction.hpp */,
				D60ACB0924965A8E00922AE1 /* Camera.cpp */,
				D60ACB0A24965A8E00922AE1 /* Camera.hpp */,
			);
			path = src;
			sourceTree = "<group>";
		};
		D6BB526F248284FB00A2A626 = {
			isa = PBXGroup;
			children = (
				D6BB527A248284FB00A2A626 /* TestOpenGL */,
				D6BB5279248284FB00A2A626 /* Products */,
				D6BB52822482852C00A2A626 /* Frameworks */,
			);
			sourceTree = "<group>";
		};
		D6BB5279248284FB00A2A626 /* Products */ = {
			isa = PBXGroup;
			children = (
				D6BB5278248284FB00A2A626 /* TestOpenGL */,
			);
			name = Products;
			sourceTree = "<group>";
		};
		D6BB527A248284FB00A2A626 /* TestOpenGL */ = {
			isa = PBXGroup;
			children = (
				D6801003248CF08400A108E9 /* src */,
				D6750AF82484078800B58314 /* shader */,
				D6BB52982482D15D00A2A626 /* glad.c */,
				D6BB527B248284FB00A2A626 /* main.cpp */,
				1F5AAD530E0DCF5656971E78 /* Shader.h */,
				1F5AADBD5B585F812359E596 /* Shader.cpp */,
				1F5AA1F2206941B1CCC6F18E /* image */,
				1F5AA2D08BC476770B4E1FD2 /* stb_image.h */,
				1F5AA2FD09D8148701CDCF77 /* stb_image.cpp */,
				1F5AADAF597CD7B544FD6429 /* case */,
			);
			path = TestOpenGL;
			sourceTree = "<group>";
		};
		D6BB52822482852C00A2A626 /* Frameworks */ = {
			isa = PBXGroup;
			children = (
				D6BB52902482C31800A2A626 /* libglfw3.a */,
				D6BB528B2482857300A2A626 /* OpenGL.framework */,
				D6BB52872482853C00A2A626 /* Cocoa.framework */,
				D6BB52852482853400A2A626 /* IOKit.framework */,
				D6BB52832482852C00A2A626 /* CoreVideo.framework */,
			);
			name = Frameworks;
			sourceTree = "<group>";
		};
/* End PBXGroup section */

/* Begin PBXNativeTarget section */
		D6BB5277248284FB00A2A626 /* TestOpenGL */ = {
			isa = PBXNativeTarget;
			buildConfigurationList = D6BB527F248284FB00A2A626 /* Build configuration list for PBXNativeTarget "TestOpenGL" */;
			buildPhases = (
				D6BB5274248284FB00A2A626 /* Sources */,
				D6BB5275248284FB00A2A626 /* Frameworks */,
				D6BB5276248284FB00A2A626 /* CopyFiles */,
			);
			buildRules = (
			);
			dependencies = (
			);
			name = TestOpenGL;
			productName = TestOpenGL;
			productReference = D6BB5278248284FB00A2A626 /* TestOpenGL */;
			productType = "com.apple.product-type.tool";
		};
/* End PBXNativeTarget section */

/* Begin PBXProject section */
		D6BB5270248284FB00A2A626 /* Project object */ = {
			isa = PBXProject;
			attributes = {
				LastUpgradeCheck = 1130;
				ORGANIZATIONNAME = "还有醋v";
				TargetAttributes = {
					D6BB5277248284FB00A2A626 = {
						CreatedOnToolsVersion = 11.3;
					};
				};
			};
			buildConfigurationList = D6BB5273248284FB00A2A626 /* Build configuration list for PBXProject "TestOpenGL" */;
			compatibilityVersion = "Xcode 9.3";
			developmentRegion = en;
			hasScannedForEncodings = 0;
			knownRegions = (
				en,
				Base,
			);
			mainGroup = D6BB526F248284FB00A2A626;
			productRefGroup = D6BB5279248284FB00A2A626 /* Products */;
			projectDirPath = "";
			projectRoot = "";
			targets = (
				D6BB5277248284FB00A2A626 /* TestOpenGL */,
			);
		};
/* End PBXProject section */

/* Begin PBXSourcesBuildPhase section */
		D6BB5274248284FB00A2A626 /* Sources */ = {
			isa = PBXSourcesBuildPhase;
			buildActionMask = 2147483647;
			files = (
				D6BB527C248284FB00A2A626 /* main.cpp in Sources */,
				D6801006248CF0B300A108E9 /* Appaction.cpp in Sources */,
				D6BB52992482D15D00A2A626 /* glad.c in Sources */,
				D68011B7248D48EE00A108E9 /* 03_coordinateSystem.cpp in Sources */,
				D60ACB0B24965A8E00922AE1 /* Camera.cpp in Sources */,
				1F5AAE7A28570DD037BA42E3 /* Shader.cpp in Sources */,
				1F5AA0696D734D095799BC52 /* stb_image.cpp in Sources */,
				D6801002248CEF6F00A108E9 /* 01_draw_texture.cpp in Sources */,
				D68011B2248D040200A108E9 /* 02_transformation.cpp in Sources */,
				1F5AA5796A4763087D928AC5 /* 00_draw_triangle.cpp in Sources */,
				1F5AAB23ED121028B701E34F /* 04_camera.cpp in Sources */,
				1F5AAE56BEC6A972BCB8334A /* 05_camera_class.cpp in Sources */,
			);
			runOnlyForDeploymentPostprocessing = 0;
		};
/* End PBXSourcesBuildPhase section */

/* Begin XCBuildConfiguration section */
		D6BB527D248284FB00A2A626 /* Debug */ = {
			isa = XCBuildConfiguration;
			buildSettings = {
				ALWAYS_SEARCH_USER_PATHS = NO;
				CLANG_ANALYZER_NONNULL = YES;
				CLANG_ANALYZER_NUMBER_OBJECT_CONVERSION = YES_AGGRESSIVE;
				CLANG_CXX_LANGUAGE_STANDARD = "gnu++14";
				CLANG_CXX_LIBRARY = "libc++";
				CLANG_ENABLE_MODULES = YES;
				CLANG_ENABLE_OBJC_ARC = YES;
				CLANG_ENABLE_OBJC_WEAK = YES;
				CLANG_WARN_BLOCK_CAPTURE_AUTORELEASING = YES;
				CLANG_WARN_BOOL_CONVERSION = YES;
				CLANG_WARN_COMMA = YES;
				CLANG_WARN_CONSTANT_CONVERSION = YES;
				CLANG_WARN_DEPRECATED_OBJC_IMPLEMENTATIONS = YES;
				CLANG_WARN_DIRECT_OBJC_ISA_USAGE = YES_ERROR;
				CLANG_WARN_DOCUMENTATION_COMMENTS = YES;
				CLANG_WARN_EMPTY_BODY = YES;
				CLANG_WARN_ENUM_CONVERSION = YES;
				CLANG_WARN_INFINITE_RECURSION = YES;
				CLANG_WARN_INT_CONVERSION = YES;
				CLANG_WARN_NON_LITERAL_NULL_CONVERSION = YES;
				CLANG_WARN_OBJC_IMPLICIT_RETAIN_SELF = YES;
				CLANG_WARN_OBJC_LITERAL_CONVERSION = YES;
				CLANG_WARN_OBJC_ROOT_CLASS = YES_ERROR;
				CLANG_WARN_RANGE_LOOP_ANALYSIS = YES;
				CLANG_WARN_STRICT_PROTOTYPES = YES;
				CLANG_WARN_SUSPICIOUS_MOVE = YES;
				CLANG_WARN_UNGUARDED_AVAILABILITY = YES_AGGRESSIVE;
				CLANG_WARN_UNREACHABLE_CODE = YES;
				CLANG_WARN__DUPLICATE_METHOD_MATCH = YES;
				COPY_PHASE_STRIP = NO;
				DEBUG_INFORMATION_FORMAT = dwarf;
				ENABLE_STRICT_OBJC_MSGSEND = YES;
				ENABLE_TESTABILITY = YES;
				GCC_C_LANGUAGE_STANDARD = gnu11;
				GCC_DYNAMIC_NO_PIC = NO;
				GCC_NO_COMMON_BLOCKS = YES;
				GCC_OPTIMIZATION_LEVEL = 0;
				GCC_PREPROCESSOR_DEFINITIONS = (
					"DEBUG=1",
					"$(inherited)",
				);
				GCC_WARN_64_TO_32_BIT_CONVERSION = YES;
				GCC_WARN_ABOUT_RETURN_TYPE = YES_ERROR;
				GCC_WARN_UNDECLARED_SELECTOR = YES;
				GCC_WARN_UNINITIALIZED_AUTOS = YES_AGGRESSIVE;
				GCC_WARN_UNUSED_FUNCTION = YES;
				GCC_WARN_UNUSED_VARIABLE = YES;
				MACOSX_DEPLOYMENT_TARGET = 10.15;
				MTL_ENABLE_DEBUG_INFO = INCLUDE_SOURCE;
				MTL_FAST_MATH = YES;
				ONLY_ACTIVE_ARCH = YES;
				SDKROOT = macosx;
			};
			name = Debug;
		};
		D6BB527E248284FB00A2A626 /* Release */ = {
			isa = XCBuildConfiguration;
			buildSettings = {
				ALWAYS_SEARCH_USER_PATHS = NO;
				CLANG_ANALYZER_NONNULL = YES;
				CLANG_ANALYZER_NUMBER_OBJECT_CONVERSION = YES_AGGRESSIVE;
				CLANG_CXX_LANGUAGE_STANDARD = "gnu++14";
				CLANG_CXX_LIBRARY = "libc++";
				CLANG_ENABLE_MODULES = YES;
				CLANG_ENABLE_OBJC_ARC = YES;
				CLANG_ENABLE_OBJC_WEAK = YES;
				CLANG_WARN_BLOCK_CAPTURE_AUTORELEASING = YES;
				CLANG_WARN_BOOL_CONVERSION = YES;
				CLANG_WARN_COMMA = YES;
				CLANG_WARN_CONSTANT_CONVERSION = YES;
				CLANG_WARN_DEPRECATED_OBJC_IMPLEMENTATIONS = YES;
				CLANG_WARN_DIRECT_OBJC_ISA_USAGE = YES_ERROR;
				CLANG_WARN_DOCUMENTATION_COMMENTS = YES;
				CLANG_WARN_EMPTY_BODY = YES;
				CLANG_WARN_ENUM_CONVERSION = YES;
				CLANG_WARN_INFINITE_RECURSION = YES;
				CLANG_WARN_INT_CONVERSION = YES;
				CLANG_WARN_NON_LITERAL_NULL_CONVERSION = YES;
				CLANG_WARN_OBJC_IMPLICIT_RETAIN_SELF = YES;
				CLANG_WARN_OBJC_LITERAL_CONVERSION = YES;
				CLANG_WARN_OBJC_ROOT_CLASS = YES_ERROR;
				CLANG_WARN_RANGE_LOOP_ANALYSIS = YES;
				CLANG_WARN_STRICT_PROTOTYPES = YES;
				CLANG_WARN_SUSPICIOUS_MOVE = YES;
				CLANG_WARN_UNGUARDED_AVAILABILITY = YES_AGGRESSIVE;
				CLANG_WARN_UNREACHABLE_CODE = YES;
				CLANG_WARN__DUPLICATE_METHOD_MATCH = YES;
				COPY_PHASE_STRIP = NO;
				DEBUG_INFORMATION_FORMAT = "dwarf-with-dsym";
				ENABLE_NS_ASSERTIONS = NO;
				ENABLE_STRICT_OBJC_MSGSEND = YES;
				GCC_C_LANGUAGE_STANDARD = gnu11;
				GCC_NO_COMMON_BLOCKS = YES;
				GCC_WARN_64_TO_32_BIT_CONVERSION = YES;
				GCC_WARN_ABOUT_RETURN_TYPE = YES_ERROR;
				GCC_WARN_UNDECLARED_SELECTOR = YES;
				GCC_WARN_UNINITIALIZED_AUTOS = YES_AGGRESSIVE;
				GCC_WARN_UNUSED_FUNCTION = YES;
				GCC_WARN_UNUSED_VARIABLE = YES;
				MACOSX_DEPLOYMENT_TARGET = 10.15;
				MTL_ENABLE_DEBUG_INFO = NO;
				MTL_FAST_MATH = YES;
				SDKROOT = macosx;
			};
			name = Release;
		};
		D6BB5280248284FB00A2A626 /* Debug */ = {
			isa = XCBuildConfiguration;
			buildSettings = {
				CODE_SIGN_STYLE = Automatic;
				DEVELOPMENT_TEAM = B43LXDQ27J;
				ENABLE_HARDENED_RUNTIME = YES;
				FRAMEWORK_SEARCH_PATHS = /Library/Frameworks;
				HEADER_SEARCH_PATHS = (
					/usr/local/include,
					/usr/local/include/GLFW,
				);
				LIBRARY_SEARCH_PATHS = /usr/local/lib;
				OTHER_LDFLAGS = "";
				PRODUCT_NAME = "$(TARGET_NAME)";
				WARNING_CFLAGS = "-Wno-documentation";
			};
			name = Debug;
		};
		D6BB5281248284FB00A2A626 /* Release */ = {
			isa = XCBuildConfiguration;
			buildSettings = {
				CODE_SIGN_STYLE = Automatic;
				DEVELOPMENT_TEAM = B43LXDQ27J;
				ENABLE_HARDENED_RUNTIME = YES;
				FRAMEWORK_SEARCH_PATHS = /Library/Frameworks;
				HEADER_SEARCH_PATHS = (
					/usr/local/include,
					/usr/local/include/GLFW,
				);
				LIBRARY_SEARCH_PATHS = /usr/local/lib;
				ONLY_ACTIVE_ARCH = NO;
				OTHER_LDFLAGS = "";
				PRODUCT_NAME = "$(TARGET_NAME)";
				WARNING_CFLAGS = "-Wno-documentation";
			};
			name = Release;
		};
/* End XCBuildConfiguration section */

/* Begin XCConfigurationList section */
		D6BB5273248284FB00A2A626 /* Build configuration list for PBXProject "TestOpenGL" */ = {
			isa = XCConfigurationList;
			buildConfigurations = (
				D6BB527D248284FB00A2A626 /* Debug */,
				D6BB527E248284FB00A2A626 /* Release */,
			);
			defaultConfigurationIsVisible = 0;
			defaultConfigurationName = Release;
		};
		D6BB527F248284FB00A2A626 /* Build configuration list for PBXNativeTarget "TestOpenGL" */ = {
			isa = XCConfigurationList;
			buildConfigurations = (
				D6BB5280248284FB00A2A626 /* Debug */,
				D6BB5281248284FB00A2A626 /* Release */,
			);
			defaultConfigurationIsVisible = 0;
			defaultConfigurationName = Release;
		};
/* End XCConfigurationList section */
	};
	rootObject = D6BB5270248284FB00A2A626 /* Project object */;
}
